// !$*UTF8*$!
{
	archiveVersion = 1;
	classes = {
	};
	objectVersion = 56;
	objects = {

/* Begin PBXBuildFile section */
		3E83DC022BEBE857007A09F8 /* main.cpp in Sources */ = {isa = PBXBuildFile; fileRef = 3E83DC012BEBE857007A09F8 /* main.cpp */; };
		3E83DC0A2BEBF1C3007A09F8 /* libvulkan.1.dylib in Frameworks */ = {isa = PBXBuildFile; fileRef = 3E83DC092BEBF1C3007A09F8 /* libvulkan.1.dylib */; };
		3E83DC0C2BEBF1C5007A09F8 /* libvulkan.1.3.280.dylib in Frameworks */ = {isa = PBXBuildFile; fileRef = 3E83DC0B2BEBF1C5007A09F8 /* libvulkan.1.3.280.dylib */; };
		3E83DC0E2BEBF66D007A09F8 /* libglfw.3.4.dylib in Frameworks */ = {isa = PBXBuildFile; fileRef = 3E83DC0D2BEBF66D007A09F8 /* libglfw.3.4.dylib */; };
		3E83DC102BEBF6D4007A09F8 /* libglfw.3.4.dylib in CopyFiles */ = {isa = PBXBuildFile; fileRef = 3E83DC0F2BEBF6D4007A09F8 /* libglfw.3.4.dylib */; };
		3E83DC122BEBF716007A09F8 /* libvulkan.1.dylib in CopyFiles */ = {isa = PBXBuildFile; fileRef = 3E83DC112BEBF716007A09F8 /* libvulkan.1.dylib */; };
		3E83DC142BEBF72B007A09F8 /* libvulkan.1.3.280.dylib in CopyFiles */ = {isa = PBXBuildFile; fileRef = 3E83DC132BEBF72A007A09F8 /* libvulkan.1.3.280.dylib */; };
/* End PBXBuildFile section */

/* Begin PBXCopyFilesBuildPhase section */
		3E83DBFC2BEBE857007A09F8 /* CopyFiles */ = {
			isa = PBXCopyFilesBuildPhase;
			buildActionMask = 12;
			dstPath = "";
			dstSubfolderSpec = 10;
			files = (
				3E83DC102BEBF6D4007A09F8 /* libglfw.3.4.dylib in CopyFiles */,
				3E83DC122BEBF716007A09F8 /* libvulkan.1.dylib in CopyFiles */,
				3E83DC142BEBF72B007A09F8 /* libvulkan.1.3.280.dylib in CopyFiles */,
			);
			runOnlyForDeploymentPostprocessing = 0;
		};
/* End PBXCopyFilesBuildPhase section */

/* Begin PBXFileReference section */
		3E83DBFE2BEBE857007A09F8 /* LittleVulkanEngine */ = {isa = PBXFileReference; explicitFileType = "compiled.mach-o.executable"; includeInIndex = 0; path = LittleVulkanEngine; sourceTree = BUILT_PRODUCTS_DIR; };
		3E83DC012BEBE857007A09F8 /* main.cpp */ = {isa = PBXFileReference; lastKnownFileType = sourcecode.cpp.cpp; path = main.cpp; sourceTree = "<group>"; };
		3E83DC092BEBF1C3007A09F8 /* libvulkan.1.dylib */ = {isa = PBXFileReference; lastKnownFileType = "compiled.mach-o.dylib"; name = libvulkan.1.dylib; path = ../1.3.280.3/macOS/lib/libvulkan.1.dylib; sourceTree = "<group>"; };
		3E83DC0B2BEBF1C5007A09F8 /* libvulkan.1.3.280.dylib */ = {isa = PBXFileReference; lastKnownFileType = "compiled.mach-o.dylib"; name = libvulkan.1.3.280.dylib; path = ../1.3.280.3/macOS/lib/libvulkan.1.3.280.dylib; sourceTree = "<group>"; };
		3E83DC0D2BEBF66D007A09F8 /* libglfw.3.4.dylib */ = {isa = PBXFileReference; lastKnownFileType = "compiled.mach-o.dylib"; name = libglfw.3.4.dylib; path = ../../../../../opt/homebrew/Cellar/glfw/3.4/lib/libglfw.3.4.dylib; sourceTree = "<group>"; };
		3E83DC0F2BEBF6D4007A09F8 /* libglfw.3.4.dylib */ = {isa = PBXFileReference; lastKnownFileType = "compiled.mach-o.dylib"; name = libglfw.3.4.dylib; path = ../../../../../opt/homebrew/Cellar/glfw/3.4/lib/libglfw.3.4.dylib; sourceTree = "<group>"; };
		3E83DC112BEBF716007A09F8 /* libvulkan.1.dylib */ = {isa = PBXFileReference; lastKnownFileType = "compiled.mach-o.dylib"; name = libvulkan.1.dylib; path = ../1.3.280.3/macOS/lib/libvulkan.1.dylib; sourceTree = "<group>"; };
		3E83DC132BEBF72A007A09F8 /* libvulkan.1.3.280.dylib */ = {isa = PBXFileReference; lastKnownFileType = "compiled.mach-o.dylib"; name = libvulkan.1.3.280.dylib; path = ../1.3.280.3/macOS/lib/libvulkan.1.3.280.dylib; sourceTree = "<group>"; };
/* End PBXFileReference section */

/* Begin PBXFrameworksBuildPhase section */
		3E83DBFB2BEBE857007A09F8 /* Frameworks */ = {
			isa = PBXFrameworksBuildPhase;
			buildActionMask = 2147483647;
			files = (
				3E83DC0A2BEBF1C3007A09F8 /* libvulkan.1.dylib in Frameworks */,
				3E83DC0C2BEBF1C5007A09F8 /* libvulkan.1.3.280.dylib in Frameworks */,
				3E83DC0E2BEBF66D007A09F8 /* libglfw.3.4.dylib in Frameworks */,
			);
			runOnlyForDeploymentPostprocessing = 0;
		};
/* End PBXFrameworksBuildPhase section */

/* Begin PBXGroup section */
		3E83DBF52BEBE857007A09F8 = {
			isa = PBXGroup;
			children = (
				3E83DC132BEBF72A007A09F8 /* libvulkan.1.3.280.dylib */,
				3E83DC112BEBF716007A09F8 /* libvulkan.1.dylib */,
				3E83DC0F2BEBF6D4007A09F8 /* libglfw.3.4.dylib */,
				3E83DC002BEBE857007A09F8 /* LittleVulkanEngine */,
				3E83DBFF2BEBE857007A09F8 /* Products */,
				3E83DC082BEBF1C2007A09F8 /* Frameworks */,
			);
			sourceTree = "<group>";
		};
		3E83DBFF2BEBE857007A09F8 /* Products */ = {
			isa = PBXGroup;
			children = (
				3E83DBFE2BEBE857007A09F8 /* LittleVulkanEngine */,
			);
			name = Products;
			sourceTree = "<group>";
		};
		3E83DC002BEBE857007A09F8 /* LittleVulkanEngine */ = {
			isa = PBXGroup;
			children = (
				3E83DC012BEBE857007A09F8 /* main.cpp */,
			);
			path = LittleVulkanEngine;
			sourceTree = "<group>";
		};
		3E83DC082BEBF1C2007A09F8 /* Frameworks */ = {
			isa = PBXGroup;
			children = (
				3E83DC0D2BEBF66D007A09F8 /* libglfw.3.4.dylib */,
				3E83DC0B2BEBF1C5007A09F8 /* libvulkan.1.3.280.dylib */,
				3E83DC092BEBF1C3007A09F8 /* libvulkan.1.dylib */,
			);
			name = Frameworks;
			sourceTree = "<group>";
		};
/* End PBXGroup section */

/* Begin PBXNativeTarget section */
		3E83DBFD2BEBE857007A09F8 /* LittleVulkanEngine */ = {
			isa = PBXNativeTarget;
			buildConfigurationList = 3E83DC052BEBE857007A09F8 /* Build configuration list for PBXNativeTarget "LittleVulkanEngine" */;
			buildPhases = (
				3E83DBFA2BEBE857007A09F8 /* Sources */,
				3E83DBFB2BEBE857007A09F8 /* Frameworks */,
				3E83DBFC2BEBE857007A09F8 /* CopyFiles */,
			);
			buildRules = (
			);
			dependencies = (
			);
			name = LittleVulkanEngine;
			productName = LittleVulkanEngine;
			productReference = 3E83DBFE2BEBE857007A09F8 /* LittleVulkanEngine */;
			productType = "com.apple.product-type.tool";
		};
/* End PBXNativeTarget section */

/* Begin PBXProject section */
		3E83DBF62BEBE857007A09F8 /* Project object */ = {
			isa = PBXProject;
			attributes = {
				BuildIndependentTargetsInParallel = 1;
				LastUpgradeCheck = 1530;
				TargetAttributes = {
					3E83DBFD2BEBE857007A09F8 = {
						CreatedOnToolsVersion = 15.3;
					};
				};
			};
			buildConfigurationList = 3E83DBF92BEBE857007A09F8 /* Build configuration list for PBXProject "LittleVulkanEngine" */;
			compatibilityVersion = "Xcode 14.0";
			developmentRegion = en;
			hasScannedForEncodings = 0;
			knownRegions = (
				en,
				Base,
			);
			mainGroup = 3E83DBF52BEBE857007A09F8;
			productRefGroup = 3E83DBFF2BEBE857007A09F8 /* Products */;
			projectDirPath = "";
			projectRoot = "";
			targets = (
				3E83DBFD2BEBE857007A09F8 /* LittleVulkanEngine */,
			);
		};
/* End PBXProject section */

/* Begin PBXSourcesBuildPhase section */
		3E83DBFA2BEBE857007A09F8 /* Sources */ = {
			isa = PBXSourcesBuildPhase;
			buildActionMask = 2147483647;
			files = (
				3E83DC022BEBE857007A09F8 /* main.cpp in Sources */,
			);
			runOnlyForDeploymentPostprocessing = 0;
		};
/* End PBXSourcesBuildPhase section */

/* Begin XCBuildConfiguration section */
		3E83DC032BEBE857007A09F8 /* Debug */ = {
			isa = XCBuildConfiguration;
			buildSettings = {
				ALWAYS_SEARCH_USER_PATHS = NO;
				ASSETCATALOG_COMPILER_GENERATE_SWIFT_ASSET_SYMBOL_EXTENSIONS = YES;
				CLANG_ANALYZER_NONNULL = YES;
				CLANG_ANALYZER_NUMBER_OBJECT_CONVERSION = YES_AGGRESSIVE;
				CLANG_CXX_LANGUAGE_STANDARD = "gnu++20";
				CLANG_ENABLE_MODULES = YES;
				CLANG_ENABLE_OBJC_ARC = YES;
				CLANG_ENABLE_OBJC_WEAK = YES;
				CLANG_WARN_BLOCK_CAPTURE_AUTORELEASING = YES;
				CLANG_WARN_BOOL_CONVERSION = YES;
				CLANG_WARN_COMMA = YES;
				CLANG_WARN_CONSTANT_CONVERSION = YES;
				CLANG_WARN_DEPRECATED_OBJC_IMPLEMENTATIONS = YES;
				CLANG_WARN_DIRECT_OBJC_ISA_USAGE = YES_ERROR;
				CLANG_WARN_DOCUMENTATION_COMMENTS = YES;
				CLANG_WARN_EMPTY_BODY = YES;
				CLANG_WARN_ENUM_CONVERSION = YES;
				CLANG_WARN_INFINITE_RECURSION = YES;
				CLANG_WARN_INT_CONVERSION = YES;
				CLANG_WARN_NON_LITERAL_NULL_CONVERSION = YES;
				CLANG_WARN_OBJC_IMPLICIT_RETAIN_SELF = YES;
				CLANG_WARN_OBJC_LITERAL_CONVERSION = YES;
				CLANG_WARN_OBJC_ROOT_CLASS = YES_ERROR;
				CLANG_WARN_QUOTED_INCLUDE_IN_FRAMEWORK_HEADER = YES;
				CLANG_WARN_RANGE_LOOP_ANALYSIS = YES;
				CLANG_WARN_STRICT_PROTOTYPES = YES;
				CLANG_WARN_SUSPICIOUS_MOVE = YES;
				CLANG_WARN_UNGUARDED_AVAILABILITY = YES_AGGRESSIVE;
				CLANG_WARN_UNREACHABLE_CODE = YES;
				CLANG_WARN__DUPLICATE_METHOD_MATCH = YES;
				COPY_PHASE_STRIP = NO;
				DEBUG_INFORMATION_FORMAT = dwarf;
				ENABLE_STRICT_OBJC_MSGSEND = YES;
				ENABLE_TESTABILITY = YES;
				ENABLE_USER_SCRIPT_SANDBOXING = YES;
				GCC_C_LANGUAGE_STANDARD = gnu17;
				GCC_DYNAMIC_NO_PIC = NO;
				GCC_NO_COMMON_BLOCKS = YES;
				GCC_OPTIMIZATION_LEVEL = 0;
				GCC_PREPROCESSOR_DEFINITIONS = (
					"DEBUG=1",
					"$(inherited)",
				);
				GCC_WARN_64_TO_32_BIT_CONVERSION = YES;
				GCC_WARN_ABOUT_RETURN_TYPE = YES_ERROR;
				GCC_WARN_UNDECLARED_SELECTOR = YES;
				GCC_WARN_UNINITIALIZED_AUTOS = YES_AGGRESSIVE;
				GCC_WARN_UNUSED_FUNCTION = YES;
				GCC_WARN_UNUSED_VARIABLE = YES;
				LOCALIZATION_PREFERS_STRING_CATALOGS = YES;
				MACOSX_DEPLOYMENT_TARGET = 14.2;
				MTL_ENABLE_DEBUG_INFO = INCLUDE_SOURCE;
				MTL_FAST_MATH = YES;
				ONLY_ACTIVE_ARCH = YES;
				SDKROOT = macosx;
			};
			name = Debug;
		};
		3E83DC042BEBE857007A09F8 /* Release */ = {
			isa = XCBuildConfiguration;
			buildSettings = {
				ALWAYS_SEARCH_USER_PATHS = NO;
				ASSETCATALOG_COMPILER_GENERATE_SWIFT_ASSET_SYMBOL_EXTENSIONS = YES;
				CLANG_ANALYZER_NONNULL = YES;
				CLANG_ANALYZER_NUMBER_OBJECT_CONVERSION = YES_AGGRESSIVE;
				CLANG_CXX_LANGUAGE_STANDARD = "gnu++20";
				CLANG_ENABLE_MODULES = YES;
				CLANG_ENABLE_OBJC_ARC = YES;
				CLANG_ENABLE_OBJC_WEAK = YES;
				CLANG_WARN_BLOCK_CAPTURE_AUTORELEASING = YES;
				CLANG_WARN_BOOL_CONVERSION = YES;
				CLANG_WARN_COMMA = YES;
				CLANG_WARN_CONSTANT_CONVERSION = YES;
				CLANG_WARN_DEPRECATED_OBJC_IMPLEMENTATIONS = YES;
				CLANG_WARN_DIRECT_OBJC_ISA_USAGE = YES_ERROR;
				CLANG_WARN_DOCUMENTATION_COMMENTS = YES;
				CLANG_WARN_EMPTY_BODY = YES;
				CLANG_WARN_ENUM_CONVERSION = YES;
				CLANG_WARN_INFINITE_RECURSION = YES;
				CLANG_WARN_INT_CONVERSION = YES;
				CLANG_WARN_NON_LITERAL_NULL_CONVERSION = YES;
				CLANG_WARN_OBJC_IMPLICIT_RETAIN_SELF = YES;
				CLANG_WARN_OBJC_LITERAL_CONVERSION = YES;
				CLANG_WARN_OBJC_ROOT_CLASS = YES_ERROR;
				CLANG_WARN_QUOTED_INCLUDE_IN_FRAMEWORK_HEADER = YES;
				CLANG_WARN_RANGE_LOOP_ANALYSIS = YES;
				CLANG_WARN_STRICT_PROTOTYPES = YES;
				CLANG_WARN_SUSPICIOUS_MOVE = YES;
				CLANG_WARN_UNGUARDED_AVAILABILITY = YES_AGGRESSIVE;
				CLANG_WARN_UNREACHABLE_CODE = YES;
				CLANG_WARN__DUPLICATE_METHOD_MATCH = YES;
				COPY_PHASE_STRIP = NO;
				DEBUG_INFORMATION_FORMAT = "dwarf-with-dsym";
				ENABLE_NS_ASSERTIONS = NO;
				ENABLE_STRICT_OBJC_MSGSEND = YES;
				ENABLE_USER_SCRIPT_SANDBOXING = YES;
				GCC_C_LANGUAGE_STANDARD = gnu17;
				GCC_NO_COMMON_BLOCKS = YES;
				GCC_WARN_64_TO_32_BIT_CONVERSION = YES;
				GCC_WARN_ABOUT_RETURN_TYPE = YES_ERROR;
				GCC_WARN_UNDECLARED_SELECTOR = YES;
				GCC_WARN_UNINITIALIZED_AUTOS = YES_AGGRESSIVE;
				GCC_WARN_UNUSED_FUNCTION = YES;
				GCC_WARN_UNUSED_VARIABLE = YES;
				LOCALIZATION_PREFERS_STRING_CATALOGS = YES;
				MACOSX_DEPLOYMENT_TARGET = 14.2;
				MTL_ENABLE_DEBUG_INFO = NO;
				MTL_FAST_MATH = YES;
				SDKROOT = macosx;
			};
			name = Release;
		};
		3E83DC062BEBE857007A09F8 /* Debug */ = {
			isa = XCBuildConfiguration;
			buildSettings = {
				CODE_SIGN_STYLE = Automatic;
				COPY_HEADERS_RUN_UNIFDEF = NO;
				HEADER_SEARCH_PATHS = (
					/Users/colinleary/Desktop/VulkanSDK/1.3.280.3/macOS/include,
					/opt/homebrew/include,
				);
				LIBRARY_SEARCH_PATHS = (
					/Users/colinleary/Desktop/VulkanSDK/1.3.280.3/macOS/lib,
					/opt/homebrew/Cellar/glfw/3.4/lib,
				);
				PRODUCT_NAME = "$(TARGET_NAME)";
			};
			name = Debug;
		};
		3E83DC072BEBE857007A09F8 /* Release */ = {
			isa = XCBuildConfiguration;
			buildSettings = {
				CODE_SIGN_STYLE = Automatic;
				COPY_HEADERS_RUN_UNIFDEF = NO;
				HEADER_SEARCH_PATHS = (
					/Users/colinleary/Desktop/VulkanSDK/1.3.280.3/macOS/include,
					/opt/homebrew/include,
				);
				LIBRARY_SEARCH_PATHS = (
					/Users/colinleary/Desktop/VulkanSDK/1.3.280.3/macOS/lib,
					/opt/homebrew/Cellar/glfw/3.4/lib,
				);
				PRODUCT_NAME = "$(TARGET_NAME)";
			};
			name = Release;
		};
/* End XCBuildConfiguration section */

/* Begin XCConfigurationList section */
		3E83DBF92BEBE857007A09F8 /* Build configuration list for PBXProject "LittleVulkanEngine" */ = {
			isa = XCConfigurationList;
			buildConfigurations = (
				3E83DC032BEBE857007A09F8 /* Debug */,
				3E83DC042BEBE857007A09F8 /* Release */,
			);
			defaultConfigurationIsVisible = 0;
			defaultConfigurationName = Release;
		};
		3E83DC052BEBE857007A09F8 /* Build configuration list for PBXNativeTarget "LittleVulkanEngine" */ = {
			isa = XCConfigurationList;
			buildConfigurations = (
				3E83DC062BEBE857007A09F8 /* Debug */,
				3E83DC072BEBE857007A09F8 /* Release */,
			);
			defaultConfigurationIsVisible = 0;
			defaultConfigurationName = Release;
		};
/* End XCConfigurationList section */
	};
	rootObject = 3E83DBF62BEBE857007A09F8 /* Project object */;
}
